// !$*UTF8*$!
{
	archiveVersion = 1;
	classes = {
	};
	objectVersion = 51;
	objects = {

/* Begin PBXBuildFile section */
		54EBEF2236383AC1E61C8CA0 /* Pods_TwitterTutorial.framework in Frameworks */ = {isa = PBXBuildFile; fileRef = 51F23DD166FDF8C3503A5DFF /* Pods_TwitterTutorial.framework */; };
		650CC19324F3D9E500729766 /* AppDelegate.swift in Sources */ = {isa = PBXBuildFile; fileRef = 650CC19224F3D9E500729766 /* AppDelegate.swift */; };
		650CC19524F3D9E500729766 /* SceneDelegate.swift in Sources */ = {isa = PBXBuildFile; fileRef = 650CC19424F3D9E500729766 /* SceneDelegate.swift */; };
		650CC19A24F3D9E500729766 /* Main.storyboard in Resources */ = {isa = PBXBuildFile; fileRef = 650CC19824F3D9E500729766 /* Main.storyboard */; };
		650CC19C24F3D9E600729766 /* Assets.xcassets in Resources */ = {isa = PBXBuildFile; fileRef = 650CC19B24F3D9E600729766 /* Assets.xcassets */; };
		650CC19F24F3D9E600729766 /* LaunchScreen.storyboard in Resources */ = {isa = PBXBuildFile; fileRef = 650CC19D24F3D9E600729766 /* LaunchScreen.storyboard */; };
		650CC1AE24F3DC2300729766 /* MainTabViewController.swift in Sources */ = {isa = PBXBuildFile; fileRef = 650CC1AD24F3DC2300729766 /* MainTabViewController.swift */; };
		650CC1B024F3DD6000729766 /* FeedController.swift in Sources */ = {isa = PBXBuildFile; fileRef = 650CC1AF24F3DD6000729766 /* FeedController.swift */; };
		650CC1B224F3DDB300729766 /* ExploreController.swift in Sources */ = {isa = PBXBuildFile; fileRef = 650CC1B124F3DDB300729766 /* ExploreController.swift */; };
		650CC1B424F3DDE500729766 /* NotificationController.swift in Sources */ = {isa = PBXBuildFile; fileRef = 650CC1B324F3DDE500729766 /* NotificationController.swift */; };
		650CC1B624F3DE1500729766 /* ConversationsController.swift in Sources */ = {isa = PBXBuildFile; fileRef = 650CC1B524F3DE1500729766 /* ConversationsController.swift */; };
		650CC1B824F3E74C00729766 /* Extensions.swift in Sources */ = {isa = PBXBuildFile; fileRef = 650CC1B724F3E74C00729766 /* Extensions.swift */; };
		659498C42515E3AF00652287 /* Utilities.swift in Sources */ = {isa = PBXBuildFile; fileRef = 659498C32515E3AF00652287 /* Utilities.swift */; };
		659498DC251715D900652287 /* GoogleService-Info.plist in Resources */ = {isa = PBXBuildFile; fileRef = 659498DB251715D900652287 /* GoogleService-Info.plist */; };
		65C90FD82507B90B008EF661 /* LoginController.swift in Sources */ = {isa = PBXBuildFile; fileRef = 65C90FD72507B90B008EF661 /* LoginController.swift */; };
		65C90FDA2507B9D4008EF661 /* RegistrationController.swift in Sources */ = {isa = PBXBuildFile; fileRef = 65C90FD92507B9D4008EF661 /* RegistrationController.swift */; };
/* End PBXBuildFile section */

/* Begin PBXFileReference section */
		1F7A8BC259D4C2E5CDA1C317 /* Pods-TwitterTutorial.debug.xcconfig */ = {isa = PBXFileReference; includeInIndex = 1; lastKnownFileType = text.xcconfig; name = "Pods-TwitterTutorial.debug.xcconfig"; path = "Target Support Files/Pods-TwitterTutorial/Pods-TwitterTutorial.debug.xcconfig"; sourceTree = "<group>"; };
		21F5E2E4CF4E194F8A964E77 /* Pods-TwitterTutorial.release.xcconfig */ = {isa = PBXFileReference; includeInIndex = 1; lastKnownFileType = text.xcconfig; name = "Pods-TwitterTutorial.release.xcconfig"; path = "Target Support Files/Pods-TwitterTutorial/Pods-TwitterTutorial.release.xcconfig"; sourceTree = "<group>"; };
		51F23DD166FDF8C3503A5DFF /* Pods_TwitterTutorial.framework */ = {isa = PBXFileReference; explicitFileType = wrapper.framework; includeInIndex = 0; path = Pods_TwitterTutorial.framework; sourceTree = BUILT_PRODUCTS_DIR; };
		650CC18F24F3D9E500729766 /* TwitterTutorial.app */ = {isa = PBXFileReference; explicitFileType = wrapper.application; includeInIndex = 0; path = TwitterTutorial.app; sourceTree = BUILT_PRODUCTS_DIR; };
		650CC19224F3D9E500729766 /* AppDelegate.swift */ = {isa = PBXFileReference; lastKnownFileType = sourcecode.swift; path = AppDelegate.swift; sourceTree = "<group>"; };
		650CC19424F3D9E500729766 /* SceneDelegate.swift */ = {isa = PBXFileReference; lastKnownFileType = sourcecode.swift; path = SceneDelegate.swift; sourceTree = "<group>"; };
		650CC19924F3D9E500729766 /* Base */ = {isa = PBXFileReference; lastKnownFileType = file.storyboard; name = Base; path = Base.lproj/Main.storyboard; sourceTree = "<group>"; };
		650CC19B24F3D9E600729766 /* Assets.xcassets */ = {isa = PBXFileReference; lastKnownFileType = folder.assetcatalog; path = Assets.xcassets; sourceTree = "<group>"; };
		650CC19E24F3D9E600729766 /* Base */ = {isa = PBXFileReference; lastKnownFileType = file.storyboard; name = Base; path = Base.lproj/LaunchScreen.storyboard; sourceTree = "<group>"; };
		650CC1A024F3D9E600729766 /* Info.plist */ = {isa = PBXFileReference; lastKnownFileType = text.plist.xml; path = Info.plist; sourceTree = "<group>"; };
		650CC1AD24F3DC2300729766 /* MainTabViewController.swift */ = {isa = PBXFileReference; lastKnownFileType = sourcecode.swift; path = MainTabViewController.swift; sourceTree = "<group>"; };
		650CC1AF24F3DD6000729766 /* FeedController.swift */ = {isa = PBXFileReference; lastKnownFileType = sourcecode.swift; path = FeedController.swift; sourceTree = "<group>"; };
		650CC1B124F3DDB300729766 /* ExploreController.swift */ = {isa = PBXFileReference; lastKnownFileType = sourcecode.swift; path = ExploreController.swift; sourceTree = "<group>"; };
		650CC1B324F3DDE500729766 /* NotificationController.swift */ = {isa = PBXFileReference; lastKnownFileType = sourcecode.swift; path = NotificationController.swift; sourceTree = "<group>"; };
		650CC1B524F3DE1500729766 /* ConversationsController.swift */ = {isa = PBXFileReference; lastKnownFileType = sourcecode.swift; path = ConversationsController.swift; sourceTree = "<group>"; };
		650CC1B724F3E74C00729766 /* Extensions.swift */ = {isa = PBXFileReference; lastKnownFileType = sourcecode.swift; path = Extensions.swift; sourceTree = "<group>"; };
		659498C32515E3AF00652287 /* Utilities.swift */ = {isa = PBXFileReference; lastKnownFileType = sourcecode.swift; path = Utilities.swift; sourceTree = "<group>"; };
		659498DB251715D900652287 /* GoogleService-Info.plist */ = {isa = PBXFileReference; fileEncoding = 4; lastKnownFileType = text.plist.xml; path = "GoogleService-Info.plist"; sourceTree = "<group>"; };
		65C90FD72507B90B008EF661 /* LoginController.swift */ = {isa = PBXFileReference; lastKnownFileType = sourcecode.swift; path = LoginController.swift; sourceTree = "<group>"; };
		65C90FD92507B9D4008EF661 /* RegistrationController.swift */ = {isa = PBXFileReference; lastKnownFileType = sourcecode.swift; path = RegistrationController.swift; sourceTree = "<group>"; };
/* End PBXFileReference section */

/* Begin PBXFrameworksBuildPhase section */
		650CC18C24F3D9E500729766 /* Frameworks */ = {
			isa = PBXFrameworksBuildPhase;
			buildActionMask = 2147483647;
			files = (
				54EBEF2236383AC1E61C8CA0 /* Pods_TwitterTutorial.framework in Frameworks */,
			);
			runOnlyForDeploymentPostprocessing = 0;
		};
/* End PBXFrameworksBuildPhase section */

/* Begin PBXGroup section */
		49BCF8CE62CCC518DE203010 /* Frameworks */ = {
			isa = PBXGroup;
			children = (
				51F23DD166FDF8C3503A5DFF /* Pods_TwitterTutorial.framework */,
			);
			name = Frameworks;
			sourceTree = "<group>";
		};
		650CC18624F3D9E500729766 = {
			isa = PBXGroup;
			children = (
				650CC19124F3D9E500729766 /* TwitterTutorial */,
				650CC19024F3D9E500729766 /* Products */,
				E60D76078731B79C02B0E25F /* Pods */,
				49BCF8CE62CCC518DE203010 /* Frameworks */,
			);
			sourceTree = "<group>";
		};
		650CC19024F3D9E500729766 /* Products */ = {
			isa = PBXGroup;
			children = (
				650CC18F24F3D9E500729766 /* TwitterTutorial.app */,
			);
			name = Products;
			sourceTree = "<group>";
		};
		650CC19124F3D9E500729766 /* TwitterTutorial */ = {
			isa = PBXGroup;
			children = (
				650CC1A824F3DA1E00729766 /* Model */,
				650CC1A724F3DA1A00729766 /* View */,
				650CC1A624F3DA0D00729766 /* ViewModel */,
				650CC1AA24F3DA4C00729766 /* Controller */,
				650CC1AB24F3DA4F00729766 /* API */,
				650CC1AC24F3DA7D00729766 /* Utilities */,
				650CC19224F3D9E500729766 /* AppDelegate.swift */,
				650CC19424F3D9E500729766 /* SceneDelegate.swift */,
				650CC19824F3D9E500729766 /* Main.storyboard */,
				650CC19B24F3D9E600729766 /* Assets.xcassets */,
				650CC19D24F3D9E600729766 /* LaunchScreen.storyboard */,
				650CC1A024F3D9E600729766 /* Info.plist */,
				659498DB251715D900652287 /* GoogleService-Info.plist */,
			);
			path = TwitterTutorial;
			sourceTree = "<group>";
		};
		650CC1A624F3DA0D00729766 /* ViewModel */ = {
			isa = PBXGroup;
			children = (
			);
			path = ViewModel;
			sourceTree = "<group>";
		};
		650CC1A724F3DA1A00729766 /* View */ = {
			isa = PBXGroup;
			children = (
			);
			path = View;
			sourceTree = "<group>";
		};
		650CC1A824F3DA1E00729766 /* Model */ = {
			isa = PBXGroup;
			children = (
			);
			path = Model;
			sourceTree = "<group>";
		};
		650CC1AA24F3DA4C00729766 /* Controller */ = {
			isa = PBXGroup;
			children = (
				65C90FD62507B8D3008EF661 /* Authentication */,
				650CC1AD24F3DC2300729766 /* MainTabViewController.swift */,
				650CC1AF24F3DD6000729766 /* FeedController.swift */,
				650CC1B124F3DDB300729766 /* ExploreController.swift */,
				650CC1B324F3DDE500729766 /* NotificationController.swift */,
				650CC1B524F3DE1500729766 /* ConversationsController.swift */,
			);
			path = Controller;
			sourceTree = "<group>";
		};
		650CC1AB24F3DA4F00729766 /* API */ = {
			isa = PBXGroup;
			children = (
			);
			path = API;
			sourceTree = "<group>";
		};
		650CC1AC24F3DA7D00729766 /* Utilities */ = {
			isa = PBXGroup;
			children = (
				650CC1B724F3E74C00729766 /* Extensions.swift */,
				659498C32515E3AF00652287 /* Utilities.swift */,
			);
			path = Utilities;
			sourceTree = "<group>";
		};
		65C90FD62507B8D3008EF661 /* Authentication */ = {
			isa = PBXGroup;
			children = (
				65C90FD72507B90B008EF661 /* LoginController.swift */,
				65C90FD92507B9D4008EF661 /* RegistrationController.swift */,
			);
			path = Authentication;
			sourceTree = "<group>";
		};
		E60D76078731B79C02B0E25F /* Pods */ = {
			isa = PBXGroup;
			children = (
				1F7A8BC259D4C2E5CDA1C317 /* Pods-TwitterTutorial.debug.xcconfig */,
				21F5E2E4CF4E194F8A964E77 /* Pods-TwitterTutorial.release.xcconfig */,
			);
			path = Pods;
			sourceTree = "<group>";
		};
/* End PBXGroup section */

/* Begin PBXNativeTarget section */
		650CC18E24F3D9E500729766 /* TwitterTutorial */ = {
			isa = PBXNativeTarget;
			buildConfigurationList = 650CC1A324F3D9E600729766 /* Build configuration list for PBXNativeTarget "TwitterTutorial" */;
			buildPhases = (
				144EB69DB9B7FBE6D547D1F4 /* [CP] Check Pods Manifest.lock */,
				650CC18B24F3D9E500729766 /* Sources */,
				650CC18C24F3D9E500729766 /* Frameworks */,
				650CC18D24F3D9E500729766 /* Resources */,
				AC0E5BDB5AE28CC9342DFE4A /* [CP] Embed Pods Frameworks */,
			);
			buildRules = (
			);
			dependencies = (
			);
			name = TwitterTutorial;
			productName = TwitterTutorial;
			productReference = 650CC18F24F3D9E500729766 /* TwitterTutorial.app */;
			productType = "com.apple.product-type.application";
		};
/* End PBXNativeTarget section */

/* Begin PBXProject section */
		650CC18724F3D9E500729766 /* Project object */ = {
			isa = PBXProject;
			attributes = {
				LastSwiftUpdateCheck = 1160;
				LastUpgradeCheck = 1200;
				ORGANIZATIONNAME = "Yugo Matsuda";
				TargetAttributes = {
					650CC18E24F3D9E500729766 = {
						CreatedOnToolsVersion = 11.6;
					};
				};
			};
			buildConfigurationList = 650CC18A24F3D9E500729766 /* Build configuration list for PBXProject "TwitterTutorial" */;
			compatibilityVersion = "Xcode 9.3";
			developmentRegion = en;
			hasScannedForEncodings = 0;
			knownRegions = (
				en,
				Base,
			);
			mainGroup = 650CC18624F3D9E500729766;
			productRefGroup = 650CC19024F3D9E500729766 /* Products */;
			projectDirPath = "";
			projectRoot = "";
			targets = (
				650CC18E24F3D9E500729766 /* TwitterTutorial */,
			);
		};
/* End PBXProject section */

/* Begin PBXResourcesBuildPhase section */
		650CC18D24F3D9E500729766 /* Resources */ = {
			isa = PBXResourcesBuildPhase;
			buildActionMask = 2147483647;
			files = (
				650CC19F24F3D9E600729766 /* LaunchScreen.storyboard in Resources */,
				659498DC251715D900652287 /* GoogleService-Info.plist in Resources */,
				650CC19C24F3D9E600729766 /* Assets.xcassets in Resources */,
				650CC19A24F3D9E500729766 /* Main.storyboard in Resources */,
			);
			runOnlyForDeploymentPostprocessing = 0;
		};
/* End PBXResourcesBuildPhase section */

/* Begin PBXShellScriptBuildPhase section */
		144EB69DB9B7FBE6D547D1F4 /* [CP] Check Pods Manifest.lock */ = {
			isa = PBXShellScriptBuildPhase;
			buildActionMask = 2147483647;
			files = (
			);
			inputFileListPaths = (
			);
			inputPaths = (
				"${PODS_PODFILE_DIR_PATH}/Podfile.lock",
				"${PODS_ROOT}/Manifest.lock",
			);
			name = "[CP] Check Pods Manifest.lock";
			outputFileListPaths = (
			);
			outputPaths = (
				"$(DERIVED_FILE_DIR)/Pods-TwitterTutorial-checkManifestLockResult.txt",
			);
			runOnlyForDeploymentPostprocessing = 0;
			shellPath = /bin/sh;
			shellScript = "diff \"${PODS_PODFILE_DIR_PATH}/Podfile.lock\" \"${PODS_ROOT}/Manifest.lock\" > /dev/null\nif [ $? != 0 ] ; then\n    # print error to STDERR\n    echo \"error: The sandbox is not in sync with the Podfile.lock. Run 'pod install' or update your CocoaPods installation.\" >&2\n    exit 1\nfi\n# This output is used by Xcode 'outputs' to avoid re-running this script phase.\necho \"SUCCESS\" > \"${SCRIPT_OUTPUT_FILE_0}\"\n";
			showEnvVarsInLog = 0;
		};
		AC0E5BDB5AE28CC9342DFE4A /* [CP] Embed Pods Frameworks */ = {
			isa = PBXShellScriptBuildPhase;
			buildActionMask = 2147483647;
			files = (
			);
			inputFileListPaths = (
				"${PODS_ROOT}/Target Support Files/Pods-TwitterTutorial/Pods-TwitterTutorial-frameworks-${CONFIGURATION}-input-files.xcfilelist",
			);
			name = "[CP] Embed Pods Frameworks";
			outputFileListPaths = (
				"${PODS_ROOT}/Target Support Files/Pods-TwitterTutorial/Pods-TwitterTutorial-frameworks-${CONFIGURATION}-output-files.xcfilelist",
			);
			runOnlyForDeploymentPostprocessing = 0;
			shellPath = /bin/sh;
			shellScript = "\"${PODS_ROOT}/Target Support Files/Pods-TwitterTutorial/Pods-TwitterTutorial-frameworks.sh\"\n";
			showEnvVarsInLog = 0;
		};
/* End PBXShellScriptBuildPhase section */

/* Begin PBXSourcesBuildPhase section */
		650CC18B24F3D9E500729766 /* Sources */ = {
			isa = PBXSourcesBuildPhase;
			buildActionMask = 2147483647;
			files = (
				65C90FDA2507B9D4008EF661 /* RegistrationController.swift in Sources */,
				650CC1B424F3DDE500729766 /* NotificationController.swift in Sources */,
				659498C42515E3AF00652287 /* Utilities.swift in Sources */,
				650CC1B624F3DE1500729766 /* ConversationsController.swift in Sources */,
				650CC19324F3D9E500729766 /* AppDelegate.swift in Sources */,
				650CC1B824F3E74C00729766 /* Extensions.swift in Sources */,
				65C90FD82507B90B008EF661 /* LoginController.swift in Sources */,
				650CC1B224F3DDB300729766 /* ExploreController.swift in Sources */,
				650CC1B024F3DD6000729766 /* FeedController.swift in Sources */,
				650CC19524F3D9E500729766 /* SceneDelegate.swift in Sources */,
				650CC1AE24F3DC2300729766 /* MainTabViewController.swift in Sources */,
			);
			runOnlyForDeploymentPostprocessing = 0;
		};
/* End PBXSourcesBuildPhase section */

/* Begin PBXVariantGroup section */
		650CC19824F3D9E500729766 /* Main.storyboard */ = {
			isa = PBXVariantGroup;
			children = (
				650CC19924F3D9E500729766 /* Base */,
			);
			name = Main.storyboard;
			sourceTree = "<group>";
		};
		650CC19D24F3D9E600729766 /* LaunchScreen.storyboard */ = {
			isa = PBXVariantGroup;
			children = (
				650CC19E24F3D9E600729766 /* Base */,
			);
			name = LaunchScreen.storyboard;
			sourceTree = "<group>";
		};
/* End PBXVariantGroup section */

/* Begin XCBuildConfiguration section */
		650CC1A124F3D9E600729766 /* Debug */ = {
			isa = XCBuildConfiguration;
			buildSettings = {
				ALWAYS_SEARCH_USER_PATHS = NO;
				CLANG_ANALYZER_NONNULL = YES;
				CLANG_ANALYZER_NUMBER_OBJECT_CONVERSION = YES_AGGRESSIVE;
				CLANG_CXX_LANGUAGE_STANDARD = "gnu++14";
				CLANG_CXX_LIBRARY = "libc++";
				CLANG_ENABLE_MODULES = YES;
				CLANG_ENABLE_OBJC_ARC = YES;
				CLANG_ENABLE_OBJC_WEAK = YES;
				CLANG_WARN_BLOCK_CAPTURE_AUTORELEASING = YES;
				CLANG_WARN_BOOL_CONVERSION = YES;
				CLANG_WARN_COMMA = YES;
				CLANG_WARN_CONSTANT_CONVERSION = YES;
				CLANG_WARN_DEPRECATED_OBJC_IMPLEMENTATIONS = YES;
				CLANG_WARN_DIRECT_OBJC_ISA_USAGE = YES_ERROR;
				CLANG_WARN_DOCUMENTATION_COMMENTS = YES;
				CLANG_WARN_EMPTY_BODY = YES;
				CLANG_WARN_ENUM_CONVERSION = YES;
				CLANG_WARN_INFINITE_RECURSION = YES;
				CLANG_WARN_INT_CONVERSION = YES;
				CLANG_WARN_NON_LITERAL_NULL_CONVERSION = YES;
				CLANG_WARN_OBJC_IMPLICIT_RETAIN_SELF = YES;
				CLANG_WARN_OBJC_LITERAL_CONVERSION = YES;
				CLANG_WARN_OBJC_ROOT_CLASS = YES_ERROR;
				CLANG_WARN_QUOTED_INCLUDE_IN_FRAMEWORK_HEADER = YES;
				CLANG_WARN_RANGE_LOOP_ANALYSIS = YES;
				CLANG_WARN_STRICT_PROTOTYPES = YES;
				CLANG_WARN_SUSPICIOUS_MOVE = YES;
				CLANG_WARN_UNGUARDED_AVAILABILITY = YES_AGGRESSIVE;
				CLANG_WARN_UNREACHABLE_CODE = YES;
				CLANG_WARN__DUPLICATE_METHOD_MATCH = YES;
				COPY_PHASE_STRIP = NO;
				DEBUG_INFORMATION_FORMAT = dwarf;
				ENABLE_STRICT_OBJC_MSGSEND = YES;
				ENABLE_TESTABILITY = YES;
				GCC_C_LANGUAGE_STANDARD = gnu11;
				GCC_DYNAMIC_NO_PIC = NO;
				GCC_NO_COMMON_BLOCKS = YES;
				GCC_OPTIMIZATION_LEVEL = 0;
				GCC_PREPROCESSOR_DEFINITIONS = (
					"DEBUG=1",
					"$(inherited)",
				);
				GCC_WARN_64_TO_32_BIT_CONVERSION = YES;
				GCC_WARN_ABOUT_RETURN_TYPE = YES_ERROR;
				GCC_WARN_UNDECLARED_SELECTOR = YES;
				GCC_WARN_UNINITIALIZED_AUTOS = YES_AGGRESSIVE;
				GCC_WARN_UNUSED_FUNCTION = YES;
				GCC_WARN_UNUSED_VARIABLE = YES;
				IPHONEOS_DEPLOYMENT_TARGET = 13.6;
				MTL_ENABLE_DEBUG_INFO = INCLUDE_SOURCE;
				MTL_FAST_MATH = YES;
				ONLY_ACTIVE_ARCH = YES;
				SDKROOT = iphoneos;
				SWIFT_ACTIVE_COMPILATION_CONDITIONS = DEBUG;
				SWIFT_OPTIMIZATION_LEVEL = "-Onone";
			};
			name = Debug;
		};
		650CC1A224F3D9E600729766 /* Release */ = {
			isa = XCBuildConfiguration;
			buildSettings = {
				ALWAYS_SEARCH_USER_PATHS = NO;
				CLANG_ANALYZER_NONNULL = YES;
				CLANG_ANALYZER_NUMBER_OBJECT_CONVERSION = YES_AGGRESSIVE;
				CLANG_CXX_LANGUAGE_STANDARD = "gnu++14";
				CLANG_CXX_LIBRARY = "libc++";
				CLANG_ENABLE_MODULES = YES;
				CLANG_ENABLE_OBJC_ARC = YES;
				CLANG_ENABLE_OBJC_WEAK = YES;
				CLANG_WARN_BLOCK_CAPTURE_AUTORELEASING = YES;
				CLANG_WARN_BOOL_CONVERSION = YES;
				CLANG_WARN_COMMA = YES;
				CLANG_WARN_CONSTANT_CONVERSION = YES;
				CLANG_WARN_DEPRECATED_OBJC_IMPLEMENTATIONS = YES;
				CLANG_WARN_DIRECT_OBJC_ISA_USAGE = YES_ERROR;
				CLANG_WARN_DOCUMENTATION_COMMENTS = YES;
				CLANG_WARN_EMPTY_BODY = YES;
				CLANG_WARN_ENUM_CONVERSION = YES;
				CLANG_WARN_INFINITE_RECURSION = YES;
				CLANG_WARN_INT_CONVERSION = YES;
				CLANG_WARN_NON_LITERAL_NULL_CONVERSION = YES;
				CLANG_WARN_OBJC_IMPLICIT_RETAIN_SELF = YES;
				CLANG_WARN_OBJC_LITERAL_CONVERSION = YES;
				CLANG_WARN_OBJC_ROOT_CLASS = YES_ERROR;
				CLANG_WARN_QUOTED_INCLUDE_IN_FRAMEWORK_HEADER = YES;
				CLANG_WARN_RANGE_LOOP_ANALYSIS = YES;
				CLANG_WARN_STRICT_PROTOTYPES = YES;
				CLANG_WARN_SUSPICIOUS_MOVE = YES;
				CLANG_WARN_UNGUARDED_AVAILABILITY = YES_AGGRESSIVE;
				CLANG_WARN_UNREACHABLE_CODE = YES;
				CLANG_WARN__DUPLICATE_METHOD_MATCH = YES;
				COPY_PHASE_STRIP = NO;
				DEBUG_INFORMATION_FORMAT = "dwarf-with-dsym";
				ENABLE_NS_ASSERTIONS = NO;
				ENABLE_STRICT_OBJC_MSGSEND = YES;
				GCC_C_LANGUAGE_STANDARD = gnu11;
				GCC_NO_COMMON_BLOCKS = YES;
				GCC_WARN_64_TO_32_BIT_CONVERSION = YES;
				GCC_WARN_ABOUT_RETURN_TYPE = YES_ERROR;
				GCC_WARN_UNDECLARED_SELECTOR = YES;
				GCC_WARN_UNINITIALIZED_AUTOS = YES_AGGRESSIVE;
				GCC_WARN_UNUSED_FUNCTION = YES;
				GCC_WARN_UNUSED_VARIABLE = YES;
				IPHONEOS_DEPLOYMENT_TARGET = 13.6;
				MTL_ENABLE_DEBUG_INFO = NO;
				MTL_FAST_MATH = YES;
				SDKROOT = iphoneos;
				SWIFT_COMPILATION_MODE = wholemodule;
				SWIFT_OPTIMIZATION_LEVEL = "-O";
				VALIDATE_PRODUCT = YES;
			};
			name = Release;
		};
		650CC1A424F3D9E600729766 /* Debug */ = {
			isa = XCBuildConfiguration;
			baseConfigurationReference = 1F7A8BC259D4C2E5CDA1C317 /* Pods-TwitterTutorial.debug.xcconfig */;
			buildSettings = {
				ASSETCATALOG_COMPILER_APPICON_NAME = AppIcon;
				CODE_SIGN_STYLE = Automatic;
				DEVELOPMENT_TEAM = J4Z3PK4YF6;
				INFOPLIST_FILE = TwitterTutorial/Info.plist;
				LD_RUNPATH_SEARCH_PATHS = (
					"$(inherited)",
					"@executable_path/Frameworks",
				);
				PRODUCT_BUNDLE_IDENTIFIER = UGO.TwitterTutorial;
				PRODUCT_NAME = "$(TARGET_NAME)";
				SWIFT_VERSION = 5.0;
				TARGETED_DEVICE_FAMILY = "1,2";
			};
			name = Debug;
		};
		650CC1A524F3D9E600729766 /* Release */ = {
			isa = XCBuildConfiguration;
			baseConfigurationReference = 21F5E2E4CF4E194F8A964E77 /* Pods-TwitterTutorial.release.xcconfig */;
			buildSettings = {
				ASSETCATALOG_COMPILER_APPICON_NAME = AppIcon;
				CODE_SIGN_STYLE = Automatic;
				DEVELOPMENT_TEAM = J4Z3PK4YF6;
				INFOPLIST_FILE = TwitterTutorial/Info.plist;
				LD_RUNPATH_SEARCH_PATHS = (
					"$(inherited)",
					"@executable_path/Frameworks",
				);
				PRODUCT_BUNDLE_IDENTIFIER = UGO.TwitterTutorial;
				PRODUCT_NAME = "$(TARGET_NAME)";
				SWIFT_VERSION = 5.0;
				TARGETED_DEVICE_FAMILY = "1,2";
			};
			name = Release;
		};
/* End XCBuildConfiguration section */

/* Begin XCConfigurationList section */
		650CC18A24F3D9E500729766 /* Build configuration list for PBXProject "TwitterTutorial" */ = {
			isa = XCConfigurationList;
			buildConfigurations = (
				650CC1A124F3D9E600729766 /* Debug */,
				650CC1A224F3D9E600729766 /* Release */,
			);
			defaultConfigurationIsVisible = 0;
			defaultConfigurationName = Release;
		};
		650CC1A324F3D9E600729766 /* Build configuration list for PBXNativeTarget "TwitterTutorial" */ = {
			isa = XCConfigurationList;
			buildConfigurations = (
				650CC1A424F3D9E600729766 /* Debug */,
				650CC1A524F3D9E600729766 /* Release */,
			);
			defaultConfigurationIsVisible = 0;
			defaultConfigurationName = Release;
		};
/* End XCConfigurationList section */
	};
	rootObject = 650CC18724F3D9E500729766 /* Project object */;
}
